// !$*UTF8*$!
{
	archiveVersion = 1;
	classes = {
	};
	objectVersion = 56;
	objects = {

/* Begin PBXBuildFile section */
		B3154FA92BC7DC2B007502EA /* ListView.swift in Sources */ = {isa = PBXBuildFile; fileRef = B3154FA82BC7DC2B007502EA /* ListView.swift */; };
		B3154FAB2BC7FC2F007502EA /* Spot.swift in Sources */ = {isa = PBXBuildFile; fileRef = B3154FAA2BC7FC2F007502EA /* Spot.swift */; };
		B3154FAD2BC7FDA7007502EA /* SpotDetailView.swift in Sources */ = {isa = PBXBuildFile; fileRef = B3154FAC2BC7FDA7007502EA /* SpotDetailView.swift */; };
		B3154FAF2BC8014B007502EA /* SpotViewModel.swift in Sources */ = {isa = PBXBuildFile; fileRef = B3154FAE2BC8014B007502EA /* SpotViewModel.swift */; };
		B35784EB2BD93F9000CB5D01 /* Review.swift in Sources */ = {isa = PBXBuildFile; fileRef = B35784EA2BD93F9000CB5D01 /* Review.swift */; };
		B35784ED2BD941BF00CB5D01 /* ReviewView.swift in Sources */ = {isa = PBXBuildFile; fileRef = B35784EC2BD941BF00CB5D01 /* ReviewView.swift */; };
		B3C376DC2BDA53FC0027C716 /* PlaceViewModel.swift in Sources */ = {isa = PBXBuildFile; fileRef = B3C376DB2BDA53FC0027C716 /* PlaceViewModel.swift */; };
		B3C376DE2BDA540C0027C716 /* LocationManager.swift in Sources */ = {isa = PBXBuildFile; fileRef = B3C376DD2BDA540C0027C716 /* LocationManager.swift */; };
		B3C376E02BDA541B0027C716 /* Place.swift in Sources */ = {isa = PBXBuildFile; fileRef = B3C376DF2BDA541B0027C716 /* Place.swift */; };
		B3C376E22BDA54270027C716 /* PlaceLookupView.swift in Sources */ = {isa = PBXBuildFile; fileRef = B3C376E12BDA54270027C716 /* PlaceLookupView.swift */; };
		B3C376E42BDA5D370027C716 /* StarsSelectionView.swift in Sources */ = {isa = PBXBuildFile; fileRef = B3C376E32BDA5D370027C716 /* StarsSelectionView.swift */; };
		B3C3DDA52BC53C7A00B25084 /* SnacktacularApp.swift in Sources */ = {isa = PBXBuildFile; fileRef = B3C3DDA42BC53C7A00B25084 /* SnacktacularApp.swift */; };
		B3C3DDA72BC53C7A00B25084 /* LoginView.swift in Sources */ = {isa = PBXBuildFile; fileRef = B3C3DDA62BC53C7A00B25084 /* LoginView.swift */; };
		B3C3DDA92BC53C7B00B25084 /* Assets.xcassets in Resources */ = {isa = PBXBuildFile; fileRef = B3C3DDA82BC53C7B00B25084 /* Assets.xcassets */; };
		B3C3DDAC2BC53C7B00B25084 /* Preview Assets.xcassets in Resources */ = {isa = PBXBuildFile; fileRef = B3C3DDAB2BC53C7B00B25084 /* Preview Assets.xcassets */; };
		B3C3DDB52BC5408000B25084 /* FirebaseAuth in Frameworks */ = {isa = PBXBuildFile; productRef = B3C3DDB42BC5408000B25084 /* FirebaseAuth */; };
		B3C3DDB72BC5408000B25084 /* FirebaseFirestore in Frameworks */ = {isa = PBXBuildFile; productRef = B3C3DDB62BC5408000B25084 /* FirebaseFirestore */; };
		B3C3DDB92BC5408000B25084 /* FirebaseFirestoreSwift in Frameworks */ = {isa = PBXBuildFile; productRef = B3C3DDB82BC5408000B25084 /* FirebaseFirestoreSwift */; };
		B3C3DDBB2BC5408000B25084 /* FirebaseStorage in Frameworks */ = {isa = PBXBuildFile; productRef = B3C3DDBA2BC5408000B25084 /* FirebaseStorage */; };
		B3C3DDBD2BC5445500B25084 /* GoogleService-Info.plist in Resources */ = {isa = PBXBuildFile; fileRef = B3C3DDBC2BC5445500B25084 /* GoogleService-Info.plist */; };
		B3E6ECD42BEE312A00B6B7AC /* SpotReviewRowView.swift in Sources */ = {isa = PBXBuildFile; fileRef = B3E6ECD32BEE312A00B6B7AC /* SpotReviewRowView.swift */; };
		B3E77E232BE100F4005F873B /* ReviewViewModel.swift in Sources */ = {isa = PBXBuildFile; fileRef = B3E77E222BE100F4005F873B /* ReviewViewModel.swift */; };
/* End PBXBuildFile section */

/* Begin PBXFileReference section */
		B3154FA82BC7DC2B007502EA /* ListView.swift */ = {isa = PBXFileReference; lastKnownFileType = sourcecode.swift; path = ListView.swift; sourceTree = "<group>"; };
		B3154FAA2BC7FC2F007502EA /* Spot.swift */ = {isa = PBXFileReference; lastKnownFileType = sourcecode.swift; path = Spot.swift; sourceTree = "<group>"; };
		B3154FAC2BC7FDA7007502EA /* SpotDetailView.swift */ = {isa = PBXFileReference; lastKnownFileType = sourcecode.swift; path = SpotDetailView.swift; sourceTree = "<group>"; };
		B3154FAE2BC8014B007502EA /* SpotViewModel.swift */ = {isa = PBXFileReference; lastKnownFileType = sourcecode.swift; path = SpotViewModel.swift; sourceTree = "<group>"; };
		B35784EA2BD93F9000CB5D01 /* Review.swift */ = {isa = PBXFileReference; lastKnownFileType = sourcecode.swift; path = Review.swift; sourceTree = "<group>"; };
		B35784EC2BD941BF00CB5D01 /* ReviewView.swift */ = {isa = PBXFileReference; lastKnownFileType = sourcecode.swift; path = ReviewView.swift; sourceTree = "<group>"; };
		B3C376DB2BDA53FC0027C716 /* PlaceViewModel.swift */ = {isa = PBXFileReference; fileEncoding = 4; lastKnownFileType = sourcecode.swift; path = PlaceViewModel.swift; sourceTree = "<group>"; };
		B3C376DD2BDA540C0027C716 /* LocationManager.swift */ = {isa = PBXFileReference; fileEncoding = 4; lastKnownFileType = sourcecode.swift; path = LocationManager.swift; sourceTree = "<group>"; };
		B3C376DF2BDA541B0027C716 /* Place.swift */ = {isa = PBXFileReference; fileEncoding = 4; lastKnownFileType = sourcecode.swift; path = Place.swift; sourceTree = "<group>"; };
		B3C376E12BDA54270027C716 /* PlaceLookupView.swift */ = {isa = PBXFileReference; fileEncoding = 4; lastKnownFileType = sourcecode.swift; path = PlaceLookupView.swift; sourceTree = "<group>"; };
		B3C376E32BDA5D370027C716 /* StarsSelectionView.swift */ = {isa = PBXFileReference; lastKnownFileType = sourcecode.swift; path = StarsSelectionView.swift; sourceTree = "<group>"; };
		B3C3DDA12BC53C7A00B25084 /* Snacktacular.app */ = {isa = PBXFileReference; explicitFileType = wrapper.application; includeInIndex = 0; path = Snacktacular.app; sourceTree = BUILT_PRODUCTS_DIR; };
		B3C3DDA42BC53C7A00B25084 /* SnacktacularApp.swift */ = {isa = PBXFileReference; lastKnownFileType = sourcecode.swift; path = SnacktacularApp.swift; sourceTree = "<group>"; };
		B3C3DDA62BC53C7A00B25084 /* LoginView.swift */ = {isa = PBXFileReference; lastKnownFileType = sourcecode.swift; path = LoginView.swift; sourceTree = "<group>"; };
		B3C3DDA82BC53C7B00B25084 /* Assets.xcassets */ = {isa = PBXFileReference; lastKnownFileType = folder.assetcatalog; path = Assets.xcassets; sourceTree = "<group>"; };
		B3C3DDAB2BC53C7B00B25084 /* Preview Assets.xcassets */ = {isa = PBXFileReference; lastKnownFileType = folder.assetcatalog; path = "Preview Assets.xcassets"; sourceTree = "<group>"; };
		B3C3DDB22BC53D6D00B25084 /* Info.plist */ = {isa = PBXFileReference; lastKnownFileType = text.plist; path = Info.plist; sourceTree = "<group>"; };
		B3C3DDBC2BC5445500B25084 /* GoogleService-Info.plist */ = {isa = PBXFileReference; fileEncoding = 4; lastKnownFileType = text.plist.xml; path = "GoogleService-Info.plist"; sourceTree = SOURCE_ROOT; };
		B3E6ECD32BEE312A00B6B7AC /* SpotReviewRowView.swift */ = {isa = PBXFileReference; lastKnownFileType = sourcecode.swift; path = SpotReviewRowView.swift; sourceTree = "<group>"; };
		B3E77E222BE100F4005F873B /* ReviewViewModel.swift */ = {isa = PBXFileReference; lastKnownFileType = sourcecode.swift; path = ReviewViewModel.swift; sourceTree = "<group>"; };
/* End PBXFileReference section */

/* Begin PBXFrameworksBuildPhase section */
		B3C3DD9E2BC53C7A00B25084 /* Frameworks */ = {
			isa = PBXFrameworksBuildPhase;
			buildActionMask = 2147483647;
			files = (
				B3C3DDB52BC5408000B25084 /* FirebaseAuth in Frameworks */,
				B3C3DDBB2BC5408000B25084 /* FirebaseStorage in Frameworks */,
				B3C3DDB72BC5408000B25084 /* FirebaseFirestore in Frameworks */,
				B3C3DDB92BC5408000B25084 /* FirebaseFirestoreSwift in Frameworks */,
			);
			runOnlyForDeploymentPostprocessing = 0;
		};
/* End PBXFrameworksBuildPhase section */

/* Begin PBXGroup section */
		B35784E72BD93ECB00CB5D01 /* Models */ = {
			isa = PBXGroup;
			children = (
				B3C376DF2BDA541B0027C716 /* Place.swift */,
				B3154FAA2BC7FC2F007502EA /* Spot.swift */,
				B35784EA2BD93F9000CB5D01 /* Review.swift */,
			);
			path = Models;
			sourceTree = "<group>";
		};
		B35784E82BD93F0500CB5D01 /* ViewModels */ = {
			isa = PBXGroup;
			children = (
				B3154FAE2BC8014B007502EA /* SpotViewModel.swift */,
				B3E77E222BE100F4005F873B /* ReviewViewModel.swift */,
				B3C376DD2BDA540C0027C716 /* LocationManager.swift */,
				B3C376DB2BDA53FC0027C716 /* PlaceViewModel.swift */,
			);
			path = ViewModels;
			sourceTree = "<group>";
		};
		B35784E92BD93F2600CB5D01 /* Views */ = {
			isa = PBXGroup;
			children = (
				B3C3DDA62BC53C7A00B25084 /* LoginView.swift */,
				B3154FA82BC7DC2B007502EA /* ListView.swift */,
				B3154FAC2BC7FDA7007502EA /* SpotDetailView.swift */,
				B3E6ECD32BEE312A00B6B7AC /* SpotReviewRowView.swift */,
				B3C376E12BDA54270027C716 /* PlaceLookupView.swift */,
				B35784EC2BD941BF00CB5D01 /* ReviewView.swift */,
				B3C376E32BDA5D370027C716 /* StarsSelectionView.swift */,
			);
			path = Views;
			sourceTree = "<group>";
		};
		B3C3DD982BC53C7A00B25084 = {
			isa = PBXGroup;
			children = (
				B3C3DDA32BC53C7A00B25084 /* Snacktacular */,
				B3C3DDA22BC53C7A00B25084 /* Products */,
			);
			sourceTree = "<group>";
		};
		B3C3DDA22BC53C7A00B25084 /* Products */ = {
			isa = PBXGroup;
			children = (
				B3C3DDA12BC53C7A00B25084 /* Snacktacular.app */,
			);
			name = Products;
			sourceTree = "<group>";
		};
		B3C3DDA32BC53C7A00B25084 /* Snacktacular */ = {
			isa = PBXGroup;
			children = (
				B3C3DDB22BC53D6D00B25084 /* Info.plist */,
				B3C3DDA42BC53C7A00B25084 /* SnacktacularApp.swift */,
				B35784E72BD93ECB00CB5D01 /* Models */,
				B35784E82BD93F0500CB5D01 /* ViewModels */,
				B35784E92BD93F2600CB5D01 /* Views */,
				B3C3DDA82BC53C7B00B25084 /* Assets.xcassets */,
				B3C3DDBC2BC5445500B25084 /* GoogleService-Info.plist */,
				B3C3DDAA2BC53C7B00B25084 /* Preview Content */,
			);
			path = Snacktacular;
			sourceTree = "<group>";
		};
		B3C3DDAA2BC53C7B00B25084 /* Preview Content */ = {
			isa = PBXGroup;
			children = (
				B3C3DDAB2BC53C7B00B25084 /* Preview Assets.xcassets */,
			);
			path = "Preview Content";
			sourceTree = "<group>";
		};
/* End PBXGroup section */

/* Begin PBXNativeTarget section */
		B3C3DDA02BC53C7A00B25084 /* Snacktacular */ = {
			isa = PBXNativeTarget;
			buildConfigurationList = B3C3DDAF2BC53C7B00B25084 /* Build configuration list for PBXNativeTarget "Snacktacular" */;
			buildPhases = (
				B3C3DD9D2BC53C7A00B25084 /* Sources */,
				B3C3DD9E2BC53C7A00B25084 /* Frameworks */,
				B3C3DD9F2BC53C7A00B25084 /* Resources */,
			);
			buildRules = (
			);
			dependencies = (
			);
			name = Snacktacular;
			packageProductDependencies = (
				B3C3DDB42BC5408000B25084 /* FirebaseAuth */,
				B3C3DDB62BC5408000B25084 /* FirebaseFirestore */,
				B3C3DDB82BC5408000B25084 /* FirebaseFirestoreSwift */,
				B3C3DDBA2BC5408000B25084 /* FirebaseStorage */,
			);
			productName = Snacktacular;
			productReference = B3C3DDA12BC53C7A00B25084 /* Snacktacular.app */;
			productType = "com.apple.product-type.application";
		};
/* End PBXNativeTarget section */

/* Begin PBXProject section */
		B3C3DD992BC53C7A00B25084 /* Project object */ = {
			isa = PBXProject;
			attributes = {
				BuildIndependentTargetsInParallel = 1;
				LastSwiftUpdateCheck = 1530;
				LastUpgradeCheck = 1530;
				TargetAttributes = {
					B3C3DDA02BC53C7A00B25084 = {
						CreatedOnToolsVersion = 15.3;
					};
				};
			};
			buildConfigurationList = B3C3DD9C2BC53C7A00B25084 /* Build configuration list for PBXProject "Snacktacular" */;
			compatibilityVersion = "Xcode 14.0";
			developmentRegion = en;
			hasScannedForEncodings = 0;
			knownRegions = (
				en,
				Base,
			);
			mainGroup = B3C3DD982BC53C7A00B25084;
			packageReferences = (
				B3C3DDB32BC5408000B25084 /* XCRemoteSwiftPackageReference "firebase-ios-sdk" */,
			);
			productRefGroup = B3C3DDA22BC53C7A00B25084 /* Products */;
			projectDirPath = "";
			projectRoot = "";
			targets = (
				B3C3DDA02BC53C7A00B25084 /* Snacktacular */,
			);
		};
/* End PBXProject section */

/* Begin PBXResourcesBuildPhase section */
		B3C3DD9F2BC53C7A00B25084 /* Resources */ = {
			isa = PBXResourcesBuildPhase;
			buildActionMask = 2147483647;
			files = (
				B3C3DDAC2BC53C7B00B25084 /* Preview Assets.xcassets in Resources */,
				B3C3DDA92BC53C7B00B25084 /* Assets.xcassets in Resources */,
				B3C3DDBD2BC5445500B25084 /* GoogleService-Info.plist in Resources */,
			);
			runOnlyForDeploymentPostprocessing = 0;
		};
/* End PBXResourcesBuildPhase section */

/* Begin PBXSourcesBuildPhase section */
		B3C3DD9D2BC53C7A00B25084 /* Sources */ = {
			isa = PBXSourcesBuildPhase;
			buildActionMask = 2147483647;
			files = (
				B3154FAD2BC7FDA7007502EA /* SpotDetailView.swift in Sources */,
				B3C376E02BDA541B0027C716 /* Place.swift in Sources */,
				B3E77E232BE100F4005F873B /* ReviewViewModel.swift in Sources */,
				B3C3DDA72BC53C7A00B25084 /* LoginView.swift in Sources */,
				B3C376E42BDA5D370027C716 /* StarsSelectionView.swift in Sources */,
				B35784ED2BD941BF00CB5D01 /* ReviewView.swift in Sources */,
				B3E6ECD42BEE312A00B6B7AC /* SpotReviewRowView.swift in Sources */,
				B3154FAF2BC8014B007502EA /* SpotViewModel.swift in Sources */,
				B35784EB2BD93F9000CB5D01 /* Review.swift in Sources */,
				B3C376DC2BDA53FC0027C716 /* PlaceViewModel.swift in Sources */,
				B3C3DDA52BC53C7A00B25084 /* SnacktacularApp.swift in Sources */,
				B3154FA92BC7DC2B007502EA /* ListView.swift in Sources */,
				B3C376E22BDA54270027C716 /* PlaceLookupView.swift in Sources */,
				B3154FAB2BC7FC2F007502EA /* Spot.swift in Sources */,
				B3C376DE2BDA540C0027C716 /* LocationManager.swift in Sources */,
			);
			runOnlyForDeploymentPostprocessing = 0;
		};
/* End PBXSourcesBuildPhase section */

/* Begin XCBuildConfiguration section */
		B3C3DDAD2BC53C7B00B25084 /* Debug */ = {
			isa = XCBuildConfiguration;
			buildSettings = {
				ALWAYS_SEARCH_USER_PATHS = NO;
				ASSETCATALOG_COMPILER_GENERATE_SWIFT_ASSET_SYMBOL_EXTENSIONS = YES;
				CLANG_ANALYZER_NONNULL = YES;
				CLANG_ANALYZER_NUMBER_OBJECT_CONVERSION = YES_AGGRESSIVE;
				CLANG_CXX_LANGUAGE_STANDARD = "gnu++20";
				CLANG_ENABLE_MODULES = YES;
				CLANG_ENABLE_OBJC_ARC = YES;
				CLANG_ENABLE_OBJC_WEAK = YES;
				CLANG_WARN_BLOCK_CAPTURE_AUTORELEASING = YES;
				CLANG_WARN_BOOL_CONVERSION = YES;
				CLANG_WARN_COMMA = YES;
				CLANG_WARN_CONSTANT_CONVERSION = YES;
				CLANG_WARN_DEPRECATED_OBJC_IMPLEMENTATIONS = YES;
				CLANG_WARN_DIRECT_OBJC_ISA_USAGE = YES_ERROR;
				CLANG_WARN_DOCUMENTATION_COMMENTS = YES;
				CLANG_WARN_EMPTY_BODY = YES;
				CLANG_WARN_ENUM_CONVERSION = YES;
				CLANG_WARN_INFINITE_RECURSION = YES;
				CLANG_WARN_INT_CONVERSION = YES;
				CLANG_WARN_NON_LITERAL_NULL_CONVERSION = YES;
				CLANG_WARN_OBJC_IMPLICIT_RETAIN_SELF = YES;
				CLANG_WARN_OBJC_LITERAL_CONVERSION = YES;
				CLANG_WARN_OBJC_ROOT_CLASS = YES_ERROR;
				CLANG_WARN_QUOTED_INCLUDE_IN_FRAMEWORK_HEADER = YES;
				CLANG_WARN_RANGE_LOOP_ANALYSIS = YES;
				CLANG_WARN_STRICT_PROTOTYPES = YES;
				CLANG_WARN_SUSPICIOUS_MOVE = YES;
				CLANG_WARN_UNGUARDED_AVAILABILITY = YES_AGGRESSIVE;
				CLANG_WARN_UNREACHABLE_CODE = YES;
				CLANG_WARN__DUPLICATE_METHOD_MATCH = YES;
				COPY_PHASE_STRIP = NO;
				DEBUG_INFORMATION_FORMAT = dwarf;
				ENABLE_STRICT_OBJC_MSGSEND = YES;
				ENABLE_TESTABILITY = YES;
				ENABLE_USER_SCRIPT_SANDBOXING = YES;
				GCC_C_LANGUAGE_STANDARD = gnu17;
				GCC_DYNAMIC_NO_PIC = NO;
				GCC_NO_COMMON_BLOCKS = YES;
				GCC_OPTIMIZATION_LEVEL = 0;
				GCC_PREPROCESSOR_DEFINITIONS = (
					"DEBUG=1",
					"$(inherited)",
				);
				GCC_WARN_64_TO_32_BIT_CONVERSION = YES;
				GCC_WARN_ABOUT_RETURN_TYPE = YES_ERROR;
				GCC_WARN_UNDECLARED_SELECTOR = YES;
				GCC_WARN_UNINITIALIZED_AUTOS = YES_AGGRESSIVE;
				GCC_WARN_UNUSED_FUNCTION = YES;
				GCC_WARN_UNUSED_VARIABLE = YES;
				IPHONEOS_DEPLOYMENT_TARGET = 17.4;
				LOCALIZATION_PREFERS_STRING_CATALOGS = YES;
				MTL_ENABLE_DEBUG_INFO = INCLUDE_SOURCE;
				MTL_FAST_MATH = YES;
				ONLY_ACTIVE_ARCH = YES;
				SDKROOT = iphoneos;
				SWIFT_ACTIVE_COMPILATION_CONDITIONS = "DEBUG $(inherited)";
				SWIFT_OPTIMIZATION_LEVEL = "-Onone";
			};
			name = Debug;
		};
		B3C3DDAE2BC53C7B00B25084 /* Release */ = {
			isa = XCBuildConfiguration;
			buildSettings = {
				ALWAYS_SEARCH_USER_PATHS = NO;
				ASSETCATALOG_COMPILER_GENERATE_SWIFT_ASSET_SYMBOL_EXTENSIONS = YES;
				CLANG_ANALYZER_NONNULL = YES;
				CLANG_ANALYZER_NUMBER_OBJECT_CONVERSION = YES_AGGRESSIVE;
				CLANG_CXX_LANGUAGE_STANDARD = "gnu++20";
				CLANG_ENABLE_MODULES = YES;
				CLANG_ENABLE_OBJC_ARC = YES;
				CLANG_ENABLE_OBJC_WEAK = YES;
				CLANG_WARN_BLOCK_CAPTURE_AUTORELEASING = YES;
				CLANG_WARN_BOOL_CONVERSION = YES;
				CLANG_WARN_COMMA = YES;
				CLANG_WARN_CONSTANT_CONVERSION = YES;
				CLANG_WARN_DEPRECATED_OBJC_IMPLEMENTATIONS = YES;
				CLANG_WARN_DIRECT_OBJC_ISA_USAGE = YES_ERROR;
				CLANG_WARN_DOCUMENTATION_COMMENTS = YES;
				CLANG_WARN_EMPTY_BODY = YES;
				CLANG_WARN_ENUM_CONVERSION = YES;
				CLANG_WARN_INFINITE_RECURSION = YES;
				CLANG_WARN_INT_CONVERSION = YES;
				CLANG_WARN_NON_LITERAL_NULL_CONVERSION = YES;
				CLANG_WARN_OBJC_IMPLICIT_RETAIN_SELF = YES;
				CLANG_WARN_OBJC_LITERAL_CONVERSION = YES;
				CLANG_WARN_OBJC_ROOT_CLASS = YES_ERROR;
				CLANG_WARN_QUOTED_INCLUDE_IN_FRAMEWORK_HEADER = YES;
				CLANG_WARN_RANGE_LOOP_ANALYSIS = YES;
				CLANG_WARN_STRICT_PROTOTYPES = YES;
				CLANG_WARN_SUSPICIOUS_MOVE = YES;
				CLANG_WARN_UNGUARDED_AVAILABILITY = YES_AGGRESSIVE;
				CLANG_WARN_UNREACHABLE_CODE = YES;
				CLANG_WARN__DUPLICATE_METHOD_MATCH = YES;
				COPY_PHASE_STRIP = NO;
				DEBUG_INFORMATION_FORMAT = "dwarf-with-dsym";
				ENABLE_NS_ASSERTIONS = NO;
				ENABLE_STRICT_OBJC_MSGSEND = YES;
				ENABLE_USER_SCRIPT_SANDBOXING = YES;
				GCC_C_LANGUAGE_STANDARD = gnu17;
				GCC_NO_COMMON_BLOCKS = YES;
				GCC_WARN_64_TO_32_BIT_CONVERSION = YES;
				GCC_WARN_ABOUT_RETURN_TYPE = YES_ERROR;
				GCC_WARN_UNDECLARED_SELECTOR = YES;
				GCC_WARN_UNINITIALIZED_AUTOS = YES_AGGRESSIVE;
				GCC_WARN_UNUSED_FUNCTION = YES;
				GCC_WARN_UNUSED_VARIABLE = YES;
				IPHONEOS_DEPLOYMENT_TARGET = 17.4;
				LOCALIZATION_PREFERS_STRING_CATALOGS = YES;
				MTL_ENABLE_DEBUG_INFO = NO;
				MTL_FAST_MATH = YES;
				SDKROOT = iphoneos;
				SWIFT_COMPILATION_MODE = wholemodule;
				VALIDATE_PRODUCT = YES;
			};
			name = Release;
		};
		B3C3DDB02BC53C7B00B25084 /* Debug */ = {
			isa = XCBuildConfiguration;
			buildSettings = {
				ASSETCATALOG_COMPILER_APPICON_NAME = AppIcon;
				ASSETCATALOG_COMPILER_GLOBAL_ACCENT_COLOR_NAME = AccentColor;
				CODE_SIGN_STYLE = Automatic;
				CURRENT_PROJECT_VERSION = 1;
				DEVELOPMENT_ASSET_PATHS = "\"Snacktacular/Preview Content\"";
				DEVELOPMENT_TEAM = M4DL5JS387;
				ENABLE_PREVIEWS = YES;
				GENERATE_INFOPLIST_FILE = YES;
				INFOPLIST_FILE = Snacktacular/Info.plist;
				INFOPLIST_KEY_NSLocationAlwaysAndWhenInUseUsageDescription = "This app requires acces to the devices location.";
				INFOPLIST_KEY_NSLocationWhenInUseUsageDescription = "This app requires acces to the devices location.";
				INFOPLIST_KEY_UIApplicationSceneManifest_Generation = YES;
				INFOPLIST_KEY_UIApplicationSupportsIndirectInputEvents = YES;
				INFOPLIST_KEY_UISupportedInterfaceOrientations_iPad = "UIInterfaceOrientationPortrait UIInterfaceOrientationPortraitUpsideDown UIInterfaceOrientationLandscapeLeft UIInterfaceOrientationLandscapeRight";
				INFOPLIST_KEY_UISupportedInterfaceOrientations_iPhone = "UIInterfaceOrientationPortrait UIInterfaceOrientationLandscapeLeft UIInterfaceOrientationLandscapeRight";
				LD_RUNPATH_SEARCH_PATHS = (
					"$(inherited)",
					"@executable_path/Frameworks",
				);
				MARKETING_VERSION = 1.0;
				PRODUCT_BUNDLE_IDENTIFIER = me.barnett.leo.Snacktacular;
				PRODUCT_NAME = "$(TARGET_NAME)";
				SWIFT_EMIT_LOC_STRINGS = YES;
				SWIFT_VERSION = 5.0;
				TARGETED_DEVICE_FAMILY = "1,2";
			};
			name = Debug;
		};
		B3C3DDB12BC53C7B00B25084 /* Release */ = {
			isa = XCBuildConfiguration;
			buildSettings = {
				ASSETCATALOG_COMPILER_APPICON_NAME = AppIcon;
				ASSETCATALOG_COMPILER_GLOBAL_ACCENT_COLOR_NAME = AccentColor;
				CODE_SIGN_STYLE = Automatic;
				CURRENT_PROJECT_VERSION = 1;
				DEVELOPMENT_ASSET_PATHS = "\"Snacktacular/Preview Content\"";
				DEVELOPMENT_TEAM = M4DL5JS387;
				ENABLE_PREVIEWS = YES;
				GENERATE_INFOPLIST_FILE = YES;
				INFOPLIST_FILE = Snacktacular/Info.plist;
				INFOPLIST_KEY_NSLocationAlwaysAndWhenInUseUsageDescription = "This app requires acces to the devices location.";
				INFOPLIST_KEY_NSLocationWhenInUseUsageDescription = "This app requires acces to the devices location.";
				INFOPLIST_KEY_UIApplicationSceneManifest_Generation = YES;
				INFOPLIST_KEY_UIApplicationSupportsIndirectInputEvents = YES;
				INFOPLIST_KEY_UISupportedInterfaceOrientations_iPad = "UIInterfaceOrientationPortrait UIInterfaceOrientationPortraitUpsideDown UIInterfaceOrientationLandscapeLeft UIInterfaceOrientationLandscapeRight";
				INFOPLIST_KEY_UISupportedInterfaceOrientations_iPhone = "UIInterfaceOrientationPortrait UIInterfaceOrientationLandscapeLeft UIInterfaceOrientationLandscapeRight";
				LD_RUNPATH_SEARCH_PATHS = (
					"$(inherited)",
					"@executable_path/Frameworks",
				);
				MARKETING_VERSION = 1.0;
				PRODUCT_BUNDLE_IDENTIFIER = me.barnett.leo.Snacktacular;
				PRODUCT_NAME = "$(TARGET_NAME)";
				SWIFT_EMIT_LOC_STRINGS = YES;
				SWIFT_VERSION = 5.0;
				TARGETED_DEVICE_FAMILY = "1,2";
			};
			name = Release;
		};
/* End XCBuildConfiguration section */

/* Begin XCConfigurationList section */
		B3C3DD9C2BC53C7A00B25084 /* Build configuration list for PBXProject "Snacktacular" */ = {
			isa = XCConfigurationList;
			buildConfigurations = (
				B3C3DDAD2BC53C7B00B25084 /* Debug */,
				B3C3DDAE2BC53C7B00B25084 /* Release */,
			);
			defaultConfigurationIsVisible = 0;
			defaultConfigurationName = Release;
		};
		B3C3DDAF2BC53C7B00B25084 /* Build configuration list for PBXNativeTarget "Snacktacular" */ = {
			isa = XCConfigurationList;
			buildConfigurations = (
				B3C3DDB02BC53C7B00B25084 /* Debug */,
				B3C3DDB12BC53C7B00B25084 /* Release */,
			);
			defaultConfigurationIsVisible = 0;
			defaultConfigurationName = Release;
		};
/* End XCConfigurationList section */

/* Begin XCRemoteSwiftPackageReference section */
		B3C3DDB32BC5408000B25084 /* XCRemoteSwiftPackageReference "firebase-ios-sdk" */ = {
			isa = XCRemoteSwiftPackageReference;
			repositoryURL = "https://github.com/firebase/firebase-ios-sdk";
			requirement = {
				kind = upToNextMajorVersion;
				minimumVersion = 10.23.1;
			};
		};
/* End XCRemoteSwiftPackageReference section */

/* Begin XCSwiftPackageProductDependency section */
		B3C3DDB42BC5408000B25084 /* FirebaseAuth */ = {
			isa = XCSwiftPackageProductDependency;
			package = B3C3DDB32BC5408000B25084 /* XCRemoteSwiftPackageReference "firebase-ios-sdk" */;
			productName = FirebaseAuth;
		};
		B3C3DDB62BC5408000B25084 /* FirebaseFirestore */ = {
			isa = XCSwiftPackageProductDependency;
			package = B3C3DDB32BC5408000B25084 /* XCRemoteSwiftPackageReference "firebase-ios-sdk" */;
			productName = FirebaseFirestore;
		};
		B3C3DDB82BC5408000B25084 /* FirebaseFirestoreSwift */ = {
			isa = XCSwiftPackageProductDependency;
			package = B3C3DDB32BC5408000B25084 /* XCRemoteSwiftPackageReference "firebase-ios-sdk" */;
			productName = FirebaseFirestoreSwift;
		};
		B3C3DDBA2BC5408000B25084 /* FirebaseStorage */ = {
			isa = XCSwiftPackageProductDependency;
			package = B3C3DDB32BC5408000B25084 /* XCRemoteSwiftPackageReference "firebase-ios-sdk" */;
			productName = FirebaseStorage;
		};
/* End XCSwiftPackageProductDependency section */
	};
	rootObject = B3C3DD992BC53C7A00B25084 /* Project object */;
}
